
Microsoft Visual Studio Solution File, Format Version 12.00
# Visual Studio Version 17
VisualStudioVersion = 17.9.34728.123
MinimumVisualStudioVersion = 10.0.40219.1
Project("{FAE04EC0-301F-11D3-BF4B-00C04F79EFBC}") = "Assignment2.1.1", "Assignment2.1.1.csproj", "{1EE1BC9E-9294-4D72-AE4A-5C9259085FE2}"
EndProject
Global
	GlobalSection(SolutionConfigurationPlatforms) = preSolution
		Debug|Any CPU = Debug|Any CPU
		Release|Any CPU = Release|Any CPU
	EndGlobalSection
	GlobalSection(ProjectConfigurationPlatforms) = postSolution
		{1EE1BC9E-9294-4D72-AE4A-5C9259085FE2}.Debug|Any CPU.ActiveCfg = Debug|Any CPU
		{1EE1BC9E-9294-4D72-AE4A-5C9259085FE2}.Debug|Any CPU.Build.0 = Debug|Any CPU
		{1EE1BC9E-9294-4D72-AE4A-5C9259085FE2}.Release|Any CPU.ActiveCfg = Release|Any CPU
		{1EE1BC9E-9294-4D72-AE4A-5C9259085FE2}.Release|Any CPU.Build.0 = Release|Any CPU
	EndGlobalSection
	GlobalSection(SolutionProperties) = preSolution
		HideSolutionNode = FALSE
	EndGlobalSection
	GlobalSection(ExtensibilityGlobals) = postSolution
		SolutionGuid = {B59BE0E1-863C-4F04-8696-6E5B541655A0}
	EndGlobalSection
EndGlobal
